
Microsoft Visual Studio Solution File, Format Version 12.00
# Visual Studio Version 17
VisualStudioVersion = 17.6.33829.357
MinimumVisualStudioVersion = 10.0.40219.1
Project("{FAE04EC0-301F-11D3-BF4B-00C04F79EFBC}") = "BoxStorage", "BoxStorage\BoxStorage.csproj", "{188A53B0-C8B1-49A1-AC1D-D0F2F9CF02EC}"
EndProject
Project("{9A19103F-16F7-4668-BE54-9A1E7A4F7556}") = "BoxStorageUI", "BoxStorageUI\BoxStorageUI.csproj", "{A0DD6205-2F4D-428D-B40C-F5CEB40E049B}"
EndProject
Global
	GlobalSection(SolutionConfigurationPlatforms) = preSolution
		Debug|Any CPU = Debug|Any CPU
		Release|Any CPU = Release|Any CPU
	EndGlobalSection
	GlobalSection(ProjectConfigurationPlatforms) = postSolution
		{188A53B0-C8B1-49A1-AC1D-D0F2F9CF02EC}.Debug|Any CPU.ActiveCfg = Debug|Any CPU
		{188A53B0-C8B1-49A1-AC1D-D0F2F9CF02EC}.Debug|Any CPU.Build.0 = Debug|Any CPU
		{188A53B0-C8B1-49A1-AC1D-D0F2F9CF02EC}.Release|Any CPU.ActiveCfg = Release|Any CPU
		{188A53B0-C8B1-49A1-AC1D-D0F2F9CF02EC}.Release|Any CPU.Build.0 = Release|Any CPU
		{A0DD6205-2F4D-428D-B40C-F5CEB40E049B}.Debug|Any CPU.ActiveCfg = Debug|Any CPU
		{A0DD6205-2F4D-428D-B40C-F5CEB40E049B}.Debug|Any CPU.Build.0 = Debug|Any CPU
		{A0DD6205-2F4D-428D-B40C-F5CEB40E049B}.Release|Any CPU.ActiveCfg = Release|Any CPU
		{A0DD6205-2F4D-428D-B40C-F5CEB40E049B}.Release|Any CPU.Build.0 = Release|Any CPU
	EndGlobalSection
	GlobalSection(SolutionProperties) = preSolution
		HideSolutionNode = FALSE
	EndGlobalSection
	GlobalSection(ExtensibilityGlobals) = postSolution
		SolutionGuid = {5755AFF8-C6D0-40DE-90CE-F24D32583E0A}
	EndGlobalSection
EndGlobal
